// !$*UTF8*$!
{
	archiveVersion = 1;
	classes = {
	};
	objectVersion = 77;
	objects = {

/* Begin PBXContainerItemProxy section */
		1723DA972D9B70B500B68AAD /* PBXContainerItemProxy */ = {
			isa = PBXContainerItemProxy;
			containerPortal = 1723DA7E2D9B70B400B68AAD /* Project object */;
			proxyType = 1;
			remoteGlobalIDString = 1723DA852D9B70B400B68AAD;
			remoteInfo = UnitConversions;
		};
		1723DAA12D9B70B500B68AAD /* PBXContainerItemProxy */ = {
			isa = PBXContainerItemProxy;
			containerPortal = 1723DA7E2D9B70B400B68AAD /* Project object */;
			proxyType = 1;
			remoteGlobalIDString = 1723DA852D9B70B400B68AAD;
			remoteInfo = UnitConversions;
		};
/* End PBXContainerItemProxy section */

/* Begin PBXFileReference section */
		1723DA862D9B70B400B68AAD /* UnitConversions.app */ = {isa = PBXFileReference; explicitFileType = wrapper.application; includeInIndex = 0; path = UnitConversions.app; sourceTree = BUILT_PRODUCTS_DIR; };
		1723DA962D9B70B500B68AAD /* UnitConversionsTests.xctest */ = {isa = PBXFileReference; explicitFileType = wrapper.cfbundle; includeInIndex = 0; path = UnitConversionsTests.xctest; sourceTree = BUILT_PRODUCTS_DIR; };
		1723DAA02D9B70B500B68AAD /* UnitConversionsUITests.xctest */ = {isa = PBXFileReference; explicitFileType = wrapper.cfbundle; includeInIndex = 0; path = UnitConversionsUITests.xctest; sourceTree = BUILT_PRODUCTS_DIR; };
/* End PBXFileReference section */

/* Begin PBXFileSystemSynchronizedRootGroup section */
		1723DA882D9B70B400B68AAD /* UnitConversions */ = {
			isa = PBXFileSystemSynchronizedRootGroup;
			path = UnitConversions;
			sourceTree = "<group>";
		};
		1723DA992D9B70B500B68AAD /* UnitConversionsTests */ = {
			isa = PBXFileSystemSynchronizedRootGroup;
			path = UnitConversionsTests;
			sourceTree = "<group>";
		};
		1723DAA32D9B70B500B68AAD /* UnitConversionsUITests */ = {
			isa = PBXFileSystemSynchronizedRootGroup;
			path = UnitConversionsUITests;
			sourceTree = "<group>";
		};
/* End PBXFileSystemSynchronizedRootGroup section */

/* Begin PBXFrameworksBuildPhase section */
		1723DA832D9B70B400B68AAD /* Frameworks */ = {
			isa = PBXFrameworksBuildPhase;
			buildActionMask = 2147483647;
			files = (
			);
			runOnlyForDeploymentPostprocessing = 0;
		};
		1723DA932D9B70B500B68AAD /* Frameworks */ = {
			isa = PBXFrameworksBuildPhase;
			buildActionMask = 2147483647;
			files = (
			);
			runOnlyForDeploymentPostprocessing = 0;
		};
		1723DA9D2D9B70B500B68AAD /* Frameworks */ = {
			isa = PBXFrameworksBuildPhase;
			buildActionMask = 2147483647;
			files = (
			);
			runOnlyForDeploymentPostprocessing = 0;
		};
/* End PBXFrameworksBuildPhase section */

/* Begin PBXGroup section */
		1723DA7D2D9B70B400B68AAD = {
			isa = PBXGroup;
			children = (
				1723DA882D9B70B400B68AAD /* UnitConversions */,
				1723DA992D9B70B500B68AAD /* UnitConversionsTests */,
				1723DAA32D9B70B500B68AAD /* UnitConversionsUITests */,
				1723DA872D9B70B400B68AAD /* Products */,
			);
			sourceTree = "<group>";
		};
		1723DA872D9B70B400B68AAD /* Products */ = {
			isa = PBXGroup;
			children = (
				1723DA862D9B70B400B68AAD /* UnitConversions.app */,
				1723DA962D9B70B500B68AAD /* UnitConversionsTests.xctest */,
				1723DAA02D9B70B500B68AAD /* UnitConversionsUITests.xctest */,
			);
			name = Products;
			sourceTree = "<group>";
		};
/* End PBXGroup section */

/* Begin PBXNativeTarget section */
		1723DA852D9B70B400B68AAD /* UnitConversions */ = {
			isa = PBXNativeTarget;
			buildConfigurationList = 1723DAAA2D9B70B500B68AAD /* Build configuration list for PBXNativeTarget "UnitConversions" */;
			buildPhases = (
				1723DA822D9B70B400B68AAD /* Sources */,
				1723DA832D9B70B400B68AAD /* Frameworks */,
				1723DA842D9B70B400B68AAD /* Resources */,
			);
			buildRules = (
			);
			dependencies = (
			);
			fileSystemSynchronizedGroups = (
				1723DA882D9B70B400B68AAD /* UnitConversions */,
			);
			name = UnitConversions;
			packageProductDependencies = (
			);
			productName = UnitConversions;
			productReference = 1723DA862D9B70B400B68AAD /* UnitConversions.app */;
			productType = "com.apple.product-type.application";
		};
		1723DA952D9B70B500B68AAD /* UnitConversionsTests */ = {
			isa = PBXNativeTarget;
			buildConfigurationList = 1723DAAD2D9B70B500B68AAD /* Build configuration list for PBXNativeTarget "UnitConversionsTests" */;
			buildPhases = (
				1723DA922D9B70B500B68AAD /* Sources */,
				1723DA932D9B70B500B68AAD /* Frameworks */,
				1723DA942D9B70B500B68AAD /* Resources */,
			);
			buildRules = (
			);
			dependencies = (
				1723DA982D9B70B500B68AAD /* PBXTargetDependency */,
			);
			fileSystemSynchronizedGroups = (
				1723DA992D9B70B500B68AAD /* UnitConversionsTests */,
			);
			name = UnitConversionsTests;
			packageProductDependencies = (
			);
			productName = UnitConversionsTests;
			productReference = 1723DA962D9B70B500B68AAD /* UnitConversionsTests.xctest */;
			productType = "com.apple.product-type.bundle.unit-test";
		};
		1723DA9F2D9B70B500B68AAD /* UnitConversionsUITests */ = {
			isa = PBXNativeTarget;
			buildConfigurationList = 1723DAB02D9B70B500B68AAD /* Build configuration list for PBXNativeTarget "UnitConversionsUITests" */;
			buildPhases = (
				1723DA9C2D9B70B500B68AAD /* Sources */,
				1723DA9D2D9B70B500B68AAD /* Frameworks */,
				1723DA9E2D9B70B500B68AAD /* Resources */,
			);
			buildRules = (
			);
			dependencies = (
				1723DAA22D9B70B500B68AAD /* PBXTargetDependency */,
			);
			fileSystemSynchronizedGroups = (
				1723DAA32D9B70B500B68AAD /* UnitConversionsUITests */,
			);
			name = UnitConversionsUITests;
			packageProductDependencies = (
			);
			productName = UnitConversionsUITests;
			productReference = 1723DAA02D9B70B500B68AAD /* UnitConversionsUITests.xctest */;
			productType = "com.apple.product-type.bundle.ui-testing";
		};
/* End PBXNativeTarget section */

/* Begin PBXProject section */
		1723DA7E2D9B70B400B68AAD /* Project object */ = {
			isa = PBXProject;
			attributes = {
				BuildIndependentTargetsInParallel = 1;
				LastSwiftUpdateCheck = 1620;
				LastUpgradeCheck = 1620;
				TargetAttributes = {
					1723DA852D9B70B400B68AAD = {
						CreatedOnToolsVersion = 16.2;
					};
					1723DA952D9B70B500B68AAD = {
						CreatedOnToolsVersion = 16.2;
						TestTargetID = 1723DA852D9B70B400B68AAD;
					};
					1723DA9F2D9B70B500B68AAD = {
						CreatedOnToolsVersion = 16.2;
						TestTargetID = 1723DA852D9B70B400B68AAD;
					};
				};
			};
			buildConfigurationList = 1723DA812D9B70B400B68AAD /* Build configuration list for PBXProject "UnitConversions" */;
			developmentRegion = en;
			hasScannedForEncodings = 0;
			knownRegions = (
				en,
				Base,
			);
			mainGroup = 1723DA7D2D9B70B400B68AAD;
			minimizedProjectReferenceProxies = 1;
			preferredProjectObjectVersion = 77;
			productRefGroup = 1723DA872D9B70B400B68AAD /* Products */;
			projectDirPath = "";
			projectRoot = "";
			targets = (
				1723DA852D9B70B400B68AAD /* UnitConversions */,
				1723DA952D9B70B500B68AAD /* UnitConversionsTests */,
				1723DA9F2D9B70B500B68AAD /* UnitConversionsUITests */,
			);
		};
/* End PBXProject section */

/* Begin PBXResourcesBuildPhase section */
		1723DA842D9B70B400B68AAD /* Resources */ = {
			isa = PBXResourcesBuildPhase;
			buildActionMask = 2147483647;
			files = (
			);
			runOnlyForDeploymentPostprocessing = 0;
		};
		1723DA942D9B70B500B68AAD /* Resources */ = {
			isa = PBXResourcesBuildPhase;
			buildActionMask = 2147483647;
			files = (
			);
			runOnlyForDeploymentPostprocessing = 0;
		};
		1723DA9E2D9B70B500B68AAD /* Resources */ = {
			isa = PBXResourcesBuildPhase;
			buildActionMask = 2147483647;
			files = (
			);
			runOnlyForDeploymentPostprocessing = 0;
		};
/* End PBXResourcesBuildPhase section */

/* Begin PBXSourcesBuildPhase section */
		1723DA822D9B70B400B68AAD /* Sources */ = {
			isa = PBXSourcesBuildPhase;
			buildActionMask = 2147483647;
			files = (
			);
			runOnlyForDeploymentPostprocessing = 0;
		};
		1723DA922D9B70B500B68AAD /* Sources */ = {
			isa = PBXSourcesBuildPhase;
			buildActionMask = 2147483647;
			files = (
			);
			runOnlyForDeploymentPostprocessing = 0;
		};
		1723DA9C2D9B70B500B68AAD /* Sources */ = {
			isa = PBXSourcesBuildPhase;
			buildActionMask = 2147483647;
			files = (
			);
			runOnlyForDeploymentPostprocessing = 0;
		};
/* End PBXSourcesBuildPhase section */

/* Begin PBXTargetDependency section */
		1723DA982D9B70B500B68AAD /* PBXTargetDependency */ = {
			isa = PBXTargetDependency;
			target = 1723DA852D9B70B400B68AAD /* UnitConversions */;
			targetProxy = 1723DA972D9B70B500B68AAD /* PBXContainerItemProxy */;
		};
		1723DAA22D9B70B500B68AAD /* PBXTargetDependency */ = {
			isa = PBXTargetDependency;
			target = 1723DA852D9B70B400B68AAD /* UnitConversions */;
			targetProxy = 1723DAA12D9B70B500B68AAD /* PBXContainerItemProxy */;
		};
/* End PBXTargetDependency section */

/* Begin XCBuildConfiguration section */
		1723DAA82D9B70B500B68AAD /* Debug */ = {
			isa = XCBuildConfiguration;
			buildSettings = {
				ALWAYS_SEARCH_USER_PATHS = NO;
				ASSETCATALOG_COMPILER_GENERATE_SWIFT_ASSET_SYMBOL_EXTENSIONS = YES;
				CLANG_ANALYZER_NONNULL = YES;
				CLANG_ANALYZER_NUMBER_OBJECT_CONVERSION = YES_AGGRESSIVE;
				CLANG_CXX_LANGUAGE_STANDARD = "gnu++20";
				CLANG_ENABLE_MODULES = YES;
				CLANG_ENABLE_OBJC_ARC = YES;
				CLANG_ENABLE_OBJC_WEAK = YES;
				CLANG_WARN_BLOCK_CAPTURE_AUTORELEASING = YES;
				CLANG_WARN_BOOL_CONVERSION = YES;
				CLANG_WARN_COMMA = YES;
				CLANG_WARN_CONSTANT_CONVERSION = YES;
				CLANG_WARN_DEPRECATED_OBJC_IMPLEMENTATIONS = YES;
				CLANG_WARN_DIRECT_OBJC_ISA_USAGE = YES_ERROR;
				CLANG_WARN_DOCUMENTATION_COMMENTS = YES;
				CLANG_WARN_EMPTY_BODY = YES;
				CLANG_WARN_ENUM_CONVERSION = YES;
				CLANG_WARN_INFINITE_RECURSION = YES;
				CLANG_WARN_INT_CONVERSION = YES;
				CLANG_WARN_NON_LITERAL_NULL_CONVERSION = YES;
				CLANG_WARN_OBJC_IMPLICIT_RETAIN_SELF = YES;
				CLANG_WARN_OBJC_LITERAL_CONVERSION = YES;
				CLANG_WARN_OBJC_ROOT_CLASS = YES_ERROR;
				CLANG_WARN_QUOTED_INCLUDE_IN_FRAMEWORK_HEADER = YES;
				CLANG_WARN_RANGE_LOOP_ANALYSIS = YES;
				CLANG_WARN_STRICT_PROTOTYPES = YES;
				CLANG_WARN_SUSPICIOUS_MOVE = YES;
				CLANG_WARN_UNGUARDED_AVAILABILITY = YES_AGGRESSIVE;
				CLANG_WARN_UNREACHABLE_CODE = YES;
				CLANG_WARN__DUPLICATE_METHOD_MATCH = YES;
				COPY_PHASE_STRIP = NO;
				DEBUG_INFORMATION_FORMAT = dwarf;
				ENABLE_STRICT_OBJC_MSGSEND = YES;
				ENABLE_TESTABILITY = YES;
				ENABLE_USER_SCRIPT_SANDBOXING = YES;
				GCC_C_LANGUAGE_STANDARD = gnu17;
				GCC_DYNAMIC_NO_PIC = NO;
				GCC_NO_COMMON_BLOCKS = YES;
				GCC_OPTIMIZATION_LEVEL = 0;
				GCC_PREPROCESSOR_DEFINITIONS = (
					"DEBUG=1",
					"$(inherited)",
				);
				GCC_WARN_64_TO_32_BIT_CONVERSION = YES;
				GCC_WARN_ABOUT_RETURN_TYPE = YES_ERROR;
				GCC_WARN_UNDECLARED_SELECTOR = YES;
				GCC_WARN_UNINITIALIZED_AUTOS = YES_AGGRESSIVE;
				GCC_WARN_UNUSED_FUNCTION = YES;
				GCC_WARN_UNUSED_VARIABLE = YES;
				IPHONEOS_DEPLOYMENT_TARGET = 18.2;
				LOCALIZATION_PREFERS_STRING_CATALOGS = YES;
				MTL_ENABLE_DEBUG_INFO = INCLUDE_SOURCE;
				MTL_FAST_MATH = YES;
				ONLY_ACTIVE_ARCH = YES;
				SDKROOT = iphoneos;
				SWIFT_ACTIVE_COMPILATION_CONDITIONS = "DEBUG $(inherited)";
				SWIFT_OPTIMIZATION_LEVEL = "-Onone";
			};
			name = Debug;
		};
		1723DAA92D9B70B500B68AAD /* Release */ = {
			isa = XCBuildConfiguration;
			buildSettings = {
				ALWAYS_SEARCH_USER_PATHS = NO;
				ASSETCATALOG_COMPILER_GENERATE_SWIFT_ASSET_SYMBOL_EXTENSIONS = YES;
				CLANG_ANALYZER_NONNULL = YES;
				CLANG_ANALYZER_NUMBER_OBJECT_CONVERSION = YES_AGGRESSIVE;
				CLANG_CXX_LANGUAGE_STANDARD = "gnu++20";
				CLANG_ENABLE_MODULES = YES;
				CLANG_ENABLE_OBJC_ARC = YES;
				CLANG_ENABLE_OBJC_WEAK = YES;
				CLANG_WARN_BLOCK_CAPTURE_AUTORELEASING = YES;
				CLANG_WARN_BOOL_CONVERSION = YES;
				CLANG_WARN_COMMA = YES;
				CLANG_WARN_CONSTANT_CONVERSION = YES;
				CLANG_WARN_DEPRECATED_OBJC_IMPLEMENTATIONS = YES;
				CLANG_WARN_DIRECT_OBJC_ISA_USAGE = YES_ERROR;
				CLANG_WARN_DOCUMENTATION_COMMENTS = YES;
				CLANG_WARN_EMPTY_BODY = YES;
				CLANG_WARN_ENUM_CONVERSION = YES;
				CLANG_WARN_INFINITE_RECURSION = YES;
				CLANG_WARN_INT_CONVERSION = YES;
				CLANG_WARN_NON_LITERAL_NULL_CONVERSION = YES;
				CLANG_WARN_OBJC_IMPLICIT_RETAIN_SELF = YES;
				CLANG_WARN_OBJC_LITERAL_CONVERSION = YES;
				CLANG_WARN_OBJC_ROOT_CLASS = YES_ERROR;
				CLANG_WARN_QUOTED_INCLUDE_IN_FRAMEWORK_HEADER = YES;
				CLANG_WARN_RANGE_LOOP_ANALYSIS = YES;
				CLANG_WARN_STRICT_PROTOTYPES = YES;
				CLANG_WARN_SUSPICIOUS_MOVE = YES;
				CLANG_WARN_UNGUARDED_AVAILABILITY = YES_AGGRESSIVE;
				CLANG_WARN_UNREACHABLE_CODE = YES;
				CLANG_WARN__DUPLICATE_METHOD_MATCH = YES;
				COPY_PHASE_STRIP = NO;
				DEBUG_INFORMATION_FORMAT = "dwarf-with-dsym";
				ENABLE_NS_ASSERTIONS = NO;
				ENABLE_STRICT_OBJC_MSGSEND = YES;
				ENABLE_USER_SCRIPT_SANDBOXING = YES;
				GCC_C_LANGUAGE_STANDARD = gnu17;
				GCC_NO_COMMON_BLOCKS = YES;
				GCC_WARN_64_TO_32_BIT_CONVERSION = YES;
				GCC_WARN_ABOUT_RETURN_TYPE = YES_ERROR;
				GCC_WARN_UNDECLARED_SELECTOR = YES;
				GCC_WARN_UNINITIALIZED_AUTOS = YES_AGGRESSIVE;
				GCC_WARN_UNUSED_FUNCTION = YES;
				GCC_WARN_UNUSED_VARIABLE = YES;
				IPHONEOS_DEPLOYMENT_TARGET = 18.2;
				LOCALIZATION_PREFERS_STRING_CATALOGS = YES;
				MTL_ENABLE_DEBUG_INFO = NO;
				MTL_FAST_MATH = YES;
				SDKROOT = iphoneos;
				SWIFT_COMPILATION_MODE = wholemodule;
				VALIDATE_PRODUCT = YES;
			};
			name = Release;
		};
		1723DAAB2D9B70B500B68AAD /* Debug */ = {
			isa = XCBuildConfiguration;
			buildSettings = {
				ASSETCATALOG_COMPILER_APPICON_NAME = AppIcon;
				ASSETCATALOG_COMPILER_GLOBAL_ACCENT_COLOR_NAME = AccentColor;
				CODE_SIGN_STYLE = Automatic;
				CURRENT_PROJECT_VERSION = 1;
				DEVELOPMENT_ASSET_PATHS = "\"UnitConversions/Preview Content\"";
				ENABLE_PREVIEWS = YES;
				GENERATE_INFOPLIST_FILE = YES;
				INFOPLIST_KEY_UIApplicationSceneManifest_Generation = YES;
				INFOPLIST_KEY_UIApplicationSupportsIndirectInputEvents = YES;
				INFOPLIST_KEY_UILaunchScreen_Generation = YES;
				INFOPLIST_KEY_UISupportedInterfaceOrientations_iPad = "UIInterfaceOrientationPortrait UIInterfaceOrientationPortraitUpsideDown UIInterfaceOrientationLandscapeLeft UIInterfaceOrientationLandscapeRight";
				INFOPLIST_KEY_UISupportedInterfaceOrientations_iPhone = "UIInterfaceOrientationPortrait UIInterfaceOrientationLandscapeLeft UIInterfaceOrientationLandscapeRight";
				LD_RUNPATH_SEARCH_PATHS = (
					"$(inherited)",
					"@executable_path/Frameworks",
				);
				MARKETING_VERSION = 1.0;
				PRODUCT_BUNDLE_IDENTIFIER = com.anand.UnitConversions;
				PRODUCT_NAME = "$(TARGET_NAME)";
				SWIFT_EMIT_LOC_STRINGS = YES;
				SWIFT_VERSION = 5.0;
				TARGETED_DEVICE_FAMILY = "1,2";
			};
			name = Debug;
		};
		1723DAAC2D9B70B500B68AAD /* Release */ = {
			isa = XCBuildConfiguration;
			buildSettings = {
				ASSETCATALOG_COMPILER_APPICON_NAME = AppIcon;
				ASSETCATALOG_COMPILER_GLOBAL_ACCENT_COLOR_NAME = AccentColor;
				CODE_SIGN_STYLE = Automatic;
				CURRENT_PROJECT_VERSION = 1;
				DEVELOPMENT_ASSET_PATHS = "\"UnitConversions/Preview Content\"";
				ENABLE_PREVIEWS = YES;
				GENERATE_INFOPLIST_FILE = YES;
				INFOPLIST_KEY_UIApplicationSceneManifest_Generation = YES;
				INFOPLIST_KEY_UIApplicationSupportsIndirectInputEvents = YES;
				INFOPLIST_KEY_UILaunchScreen_Generation = YES;
				INFOPLIST_KEY_UISupportedInterfaceOrientations_iPad = "UIInterfaceOrientationPortrait UIInterfaceOrientationPortraitUpsideDown UIInterfaceOrientationLandscapeLeft UIInterfaceOrientationLandscapeRight";
				INFOPLIST_KEY_UISupportedInterfaceOrientations_iPhone = "UIInterfaceOrientationPortrait UIInterfaceOrientationLandscapeLeft UIInterfaceOrientationLandscapeRight";
				LD_RUNPATH_SEARCH_PATHS = (
					"$(inherited)",
					"@executable_path/Frameworks",
				);
				MARKETING_VERSION = 1.0;
				PRODUCT_BUNDLE_IDENTIFIER = com.anand.UnitConversions;
				PRODUCT_NAME = "$(TARGET_NAME)";
				SWIFT_EMIT_LOC_STRINGS = YES;
				SWIFT_VERSION = 5.0;
				TARGETED_DEVICE_FAMILY = "1,2";
			};
			name = Release;
		};
		1723DAAE2D9B70B500B68AAD /* Debug */ = {
			isa = XCBuildConfiguration;
			buildSettings = {
				BUNDLE_LOADER = "$(TEST_HOST)";
				CODE_SIGN_STYLE = Automatic;
				CURRENT_PROJECT_VERSION = 1;
				GENERATE_INFOPLIST_FILE = YES;
				IPHONEOS_DEPLOYMENT_TARGET = 18.2;
				MARKETING_VERSION = 1.0;
				PRODUCT_BUNDLE_IDENTIFIER = com.anand.UnitConversionsTests;
				PRODUCT_NAME = "$(TARGET_NAME)";
				SWIFT_EMIT_LOC_STRINGS = NO;
				SWIFT_VERSION = 5.0;
				TARGETED_DEVICE_FAMILY = "1,2";
				TEST_HOST = "$(BUILT_PRODUCTS_DIR)/UnitConversions.app/$(BUNDLE_EXECUTABLE_FOLDER_PATH)/UnitConversions";
			};
			name = Debug;
		};
		1723DAAF2D9B70B500B68AAD /* Release */ = {
			isa = XCBuildConfiguration;
			buildSettings = {
				BUNDLE_LOADER = "$(TEST_HOST)";
				CODE_SIGN_STYLE = Automatic;
				CURRENT_PROJECT_VERSION = 1;
				GENERATE_INFOPLIST_FILE = YES;
				IPHONEOS_DEPLOYMENT_TARGET = 18.2;
				MARKETING_VERSION = 1.0;
				PRODUCT_BUNDLE_IDENTIFIER = com.anand.UnitConversionsTests;
				PRODUCT_NAME = "$(TARGET_NAME)";
				SWIFT_EMIT_LOC_STRINGS = NO;
				SWIFT_VERSION = 5.0;
				TARGETED_DEVICE_FAMILY = "1,2";
				TEST_HOST = "$(BUILT_PRODUCTS_DIR)/UnitConversions.app/$(BUNDLE_EXECUTABLE_FOLDER_PATH)/UnitConversions";
			};
			name = Release;
		};
		1723DAB12D9B70B500B68AAD /* Debug */ = {
			isa = XCBuildConfiguration;
			buildSettings = {
				CODE_SIGN_STYLE = Automatic;
				CURRENT_PROJECT_VERSION = 1;
				GENERATE_INFOPLIST_FILE = YES;
				MARKETING_VERSION = 1.0;
				PRODUCT_BUNDLE_IDENTIFIER = com.anand.UnitConversionsUITests;
				PRODUCT_NAME = "$(TARGET_NAME)";
				SWIFT_EMIT_LOC_STRINGS = NO;
				SWIFT_VERSION = 5.0;
				TARGETED_DEVICE_FAMILY = "1,2";
				TEST_TARGET_NAME = UnitConversions;
			};
			name = Debug;
		};
		1723DAB22D9B70B500B68AAD /* Release */ = {
			isa = XCBuildConfiguration;
			buildSettings = {
				CODE_SIGN_STYLE = Automatic;
				CURRENT_PROJECT_VERSION = 1;
				GENERATE_INFOPLIST_FILE = YES;
				MARKETING_VERSION = 1.0;
				PRODUCT_BUNDLE_IDENTIFIER = com.anand.UnitConversionsUITests;
				PRODUCT_NAME = "$(TARGET_NAME)";
				SWIFT_EMIT_LOC_STRINGS = NO;
				SWIFT_VERSION = 5.0;
				TARGETED_DEVICE_FAMILY = "1,2";
				TEST_TARGET_NAME = UnitConversions;
			};
			name = Release;
		};
/* End XCBuildConfiguration section */

/* Begin XCConfigurationList section */
		1723DA812D9B70B400B68AAD /* Build configuration list for PBXProject "UnitConversions" */ = {
			isa = XCConfigurationList;
			buildConfigurations = (
				1723DAA82D9B70B500B68AAD /* Debug */,
				1723DAA92D9B70B500B68AAD /* Release */,
			);
			defaultConfigurationIsVisible = 0;
			defaultConfigurationName = Release;
		};
		1723DAAA2D9B70B500B68AAD /* Build configuration list for PBXNativeTarget "UnitConversions" */ = {
			isa = XCConfigurationList;
			buildConfigurations = (
				1723DAAB2D9B70B500B68AAD /* Debug */,
				1723DAAC2D9B70B500B68AAD /* Release */,
			);
			defaultConfigurationIsVisible = 0;
			defaultConfigurationName = Release;
		};
		1723DAAD2D9B70B500B68AAD /* Build configuration list for PBXNativeTarget "UnitConversionsTests" */ = {
			isa = XCConfigurationList;
			buildConfigurations = (
				1723DAAE2D9B70B500B68AAD /* Debug */,
				1723DAAF2D9B70B500B68AAD /* Release */,
			);
			defaultConfigurationIsVisible = 0;
			defaultConfigurationName = Release;
		};
		1723DAB02D9B70B500B68AAD /* Build configuration list for PBXNativeTarget "UnitConversionsUITests" */ = {
			isa = XCConfigurationList;
			buildConfigurations = (
				1723DAB12D9B70B500B68AAD /* Debug */,
				1723DAB22D9B70B500B68AAD /* Release */,
			);
			defaultConfigurationIsVisible = 0;
			defaultConfigurationName = Release;
		};
/* End XCConfigurationList section */
	};
	rootObject = 1723DA7E2D9B70B400B68AAD /* Project object */;
}
